{
    "_readme": [
        "This file locks the dependencies of your project to a known state",
        "Read more about it at https://getcomposer.org/doc/01-basic-usage.md#installing-dependencies",
        "This file is @generated automatically"
    ],
    "content-hash": "280f7b2ece4ef2685f6f1d02ab97e46e",
    "packages": [
        {
            "name": "wordpress/wordpress",
            "version": "6.6.2",
            "dist": {
                "type": "zip",
                "url": "https://github.com/WordPress/WordPress/archive/refs/tags/6.6.2.zip"
            },
            "type": "wordpress-core"
        }
    ],
    "packages-dev": [],
    "aliases": [],
    "minimum-stability": "stable",
    "stability-flags": {},
    "prefer-stable": false,
    "prefer-lowest": false,
    "platform": {},
    "platform-dev": {},
    "plugin-api-version": "2.6.0"
}
